
Microsoft Visual Studio Solution File, Format Version 12.00
# Visual Studio 2013
VisualStudioVersion = 12.0.40629.0
MinimumVisualStudioVersion = 10.0.40219.1
Project("{FAE04EC0-301F-11D3-BF4B-00C04F79EFBC}") = "WindowsFormsApplication kr", "WindowsFormsApplication kr\WindowsFormsApplication kr.csproj", "{8BCEBA3B-5AC6-43FD-BE3C-FB19A99EE940}"
EndProject
Global
	GlobalSection(SolutionConfigurationPlatforms) = preSolution
		Debug|Any CPU = Debug|Any CPU
		Release|Any CPU = Release|Any CPU
	EndGlobalSection
	GlobalSection(ProjectConfigurationPlatforms) = postSolution
		{8BCEBA3B-5AC6-43FD-BE3C-FB19A99EE940}.Debug|Any CPU.ActiveCfg = Debug|Any CPU
		{8BCEBA3B-5AC6-43FD-BE3C-FB19A99EE940}.Debug|Any CPU.Build.0 = Debug|Any CPU
		{8BCEBA3B-5AC6-43FD-BE3C-FB19A99EE940}.Release|Any CPU.ActiveCfg = Release|Any CPU
		{8BCEBA3B-5AC6-43FD-BE3C-FB19A99EE940}.Release|Any CPU.Build.0 = Release|Any CPU
	EndGlobalSection
	GlobalSection(SolutionProperties) = preSolution
		HideSolutionNode = FALSE
	EndGlobalSection
EndGlobal
